// !$*UTF8*$!
{
	archiveVersion = 1;
	classes = {
	};
	objectVersion = 45;
	objects = {

/* Begin PBXBuildFile section */
		4B42EDAD11B34D8E00498957 /* CoreFoundation.framework in Frameworks */ = {isa = PBXBuildFile; fileRef = 4B42EDAC11B34D8E00498957 /* CoreFoundation.framework */; };
		4B42EDE711B42EB000498957 /* client.c in Sources */ = {isa = PBXBuildFile; fileRef = 4B42EDC011B351FA00498957 /* client.c */; };
		4B42EDE811B42EB200498957 /* CoreFoundation.framework in Frameworks */ = {isa = PBXBuildFile; fileRef = 4B42EDAC11B34D8E00498957 /* CoreFoundation.framework */; };
		8DD76FAC0486AB0100D96B5E /* ssd.c in Sources */ = {isa = PBXBuildFile; fileRef = 08FB7796FE84155DC02AAC07 /* ssd.c */; settings = {ATTRIBUTES = (); }; };
		B73D830F13DCC1BF000530F1 /* net.ericgorr.testserver.plist in CopyFiles */ = {isa = PBXBuildFile; fileRef = 4B42EDBF11B3515F00498957 /* net.ericgorr.testserver.plist */; };
		B7D41BF213DC8AF400AC0CF7 /* common.c in Sources */ = {isa = PBXBuildFile; fileRef = B7D41BF013DC8AF400AC0CF7 /* common.c */; };
		B7D41BF313DC8AF400AC0CF7 /* common.c in Sources */ = {isa = PBXBuildFile; fileRef = B7D41BF013DC8AF400AC0CF7 /* common.c */; };
/* End PBXBuildFile section */

/* Begin PBXCopyFilesBuildPhase section */
		B73D830D13DCC006000530F1 /* CopyFiles */ = {
			isa = PBXCopyFilesBuildPhase;
			buildActionMask = 2147483647;
			dstPath = /Library/LaunchDaemons;
			dstSubfolderSpec = 0;
			files = (
				B73D830F13DCC1BF000530F1 /* net.ericgorr.testserver.plist in CopyFiles */,
			);
			runOnlyForDeploymentPostprocessing = 0;
		};
/* End PBXCopyFilesBuildPhase section */

/* Begin PBXFileReference section */
		08FB7796FE84155DC02AAC07 /* ssd.c */ = {isa = PBXFileReference; fileEncoding = 4; lastKnownFileType = sourcecode.c.c; path = ssd.c; sourceTree = "<group>"; };
		4B42EDAC11B34D8E00498957 /* CoreFoundation.framework */ = {isa = PBXFileReference; lastKnownFileType = wrapper.framework; name = CoreFoundation.framework; path = System/Library/Frameworks/CoreFoundation.framework; sourceTree = SDKROOT; };
		4B42EDBF11B3515F00498957 /* net.ericgorr.testserver.plist */ = {isa = PBXFileReference; fileEncoding = 4; lastKnownFileType = text.plist.xml; path = net.ericgorr.testserver.plist; sourceTree = "<group>"; };
		4B42EDC011B351FA00498957 /* client.c */ = {isa = PBXFileReference; fileEncoding = 4; lastKnownFileType = sourcecode.c.c; path = client.c; sourceTree = "<group>"; };
		4B42EDC211B3528300498957 /* shared.h */ = {isa = PBXFileReference; fileEncoding = 4; lastKnownFileType = sourcecode.c.h; path = shared.h; sourceTree = "<group>"; };
		4B42EDE311B42EA400498957 /* client */ = {isa = PBXFileReference; explicitFileType = "compiled.mach-o.executable"; includeInIndex = 0; path = client; sourceTree = BUILT_PRODUCTS_DIR; };
		8DD76FB20486AB0100D96B5E /* testserver */ = {isa = PBXFileReference; explicitFileType = "compiled.mach-o.executable"; includeInIndex = 0; path = testserver; sourceTree = BUILT_PRODUCTS_DIR; };
		B7D41BF013DC8AF400AC0CF7 /* common.c */ = {isa = PBXFileReference; fileEncoding = 4; lastKnownFileType = sourcecode.c.c; path = common.c; sourceTree = "<group>"; };
		B7D41BF113DC8AF400AC0CF7 /* common.h */ = {isa = PBXFileReference; fileEncoding = 4; lastKnownFileType = sourcecode.c.h; path = common.h; sourceTree = "<group>"; };
/* End PBXFileReference section */

/* Begin PBXFrameworksBuildPhase section */
		4B42EDE111B42EA400498957 /* Frameworks */ = {
			isa = PBXFrameworksBuildPhase;
			buildActionMask = 2147483647;
			files = (
				4B42EDE811B42EB200498957 /* CoreFoundation.framework in Frameworks */,
			);
			runOnlyForDeploymentPostprocessing = 0;
		};
		8DD76FAD0486AB0100D96B5E /* Frameworks */ = {
			isa = PBXFrameworksBuildPhase;
			buildActionMask = 2147483647;
			files = (
				4B42EDAD11B34D8E00498957 /* CoreFoundation.framework in Frameworks */,
			);
			runOnlyForDeploymentPostprocessing = 0;
		};
/* End PBXFrameworksBuildPhase section */

/* Begin PBXGroup section */
		08FB7794FE84155DC02AAC07 /* wwdcd */ = {
			isa = PBXGroup;
			children = (
				08FB7795FE84155DC02AAC07 /* Source */,
				1AB674ADFE9D54B511CA2CBB /* Products */,
				4B42EDAC11B34D8E00498957 /* CoreFoundation.framework */,
			);
			name = wwdcd;
			sourceTree = "<group>";
		};
		08FB7795FE84155DC02AAC07 /* Source */ = {
			isa = PBXGroup;
			children = (
				4B42EDBF11B3515F00498957 /* net.ericgorr.testserver.plist */,
				4B42EDC211B3528300498957 /* shared.h */,
				B7D41BF113DC8AF400AC0CF7 /* common.h */,
				B7D41BF013DC8AF400AC0CF7 /* common.c */,
				08FB7796FE84155DC02AAC07 /* ssd.c */,
				4B42EDC011B351FA00498957 /* client.c */,
			);
			name = Source;
			sourceTree = "<group>";
		};
		1AB674ADFE9D54B511CA2CBB /* Products */ = {
			isa = PBXGroup;
			children = (
				8DD76FB20486AB0100D96B5E /* testserver */,
				4B42EDE311B42EA400498957 /* client */,
			);
			name = Products;
			sourceTree = "<group>";
		};
/* End PBXGroup section */

/* Begin PBXNativeTarget section */
		4B42EDE211B42EA400498957 /* client */ = {
			isa = PBXNativeTarget;
			buildConfigurationList = 4B42EE1711B42ED500498957 /* Build configuration list for PBXNativeTarget "client" */;
			buildPhases = (
				4B42EDE011B42EA400498957 /* Sources */,
				4B42EDE111B42EA400498957 /* Frameworks */,
			);
			buildRules = (
			);
			dependencies = (
			);
			name = client;
			productName = client;
			productReference = 4B42EDE311B42EA400498957 /* client */;
			productType = "com.apple.product-type.tool";
		};
		8DD76FA90486AB0100D96B5E /* testserver */ = {
			isa = PBXNativeTarget;
			buildConfigurationList = 1DEB928508733DD80010E9CD /* Build configuration list for PBXNativeTarget "testserver" */;
			buildPhases = (
				8DD76FAB0486AB0100D96B5E /* Sources */,
				8DD76FAD0486AB0100D96B5E /* Frameworks */,
				B73D830D13DCC006000530F1 /* CopyFiles */,
				B7FAFCE713DB6431009E77B8 /* ShellScript */,
			);
			buildRules = (
			);
			dependencies = (
			);
			name = testserver;
			productInstallPath = "$(HOME)/bin";
			productName = wwdcd;
			productReference = 8DD76FB20486AB0100D96B5E /* testserver */;
			productType = "com.apple.product-type.tool";
		};
/* End PBXNativeTarget section */

/* Begin PBXProject section */
		08FB7793FE84155DC02AAC07 /* Project object */ = {
			isa = PBXProject;
			buildConfigurationList = 1DEB928908733DD80010E9CD /* Build configuration list for PBXProject "testserver" */;
			compatibilityVersion = "Xcode 3.1";
			developmentRegion = English;
			hasScannedForEncodings = 1;
			knownRegions = (
				en,
			);
			mainGroup = 08FB7794FE84155DC02AAC07 /* wwdcd */;
			projectDirPath = "";
			projectRoot = "";
			targets = (
				8DD76FA90486AB0100D96B5E /* testserver */,
				4B42EDE211B42EA400498957 /* client */,
			);
		};
/* End PBXProject section */

/* Begin PBXShellScriptBuildPhase section */
		B7FAFCE713DB6431009E77B8 /* ShellScript */ = {
			isa = PBXShellScriptBuildPhase;
			buildActionMask = 2147483647;
			files = (
			);
			inputPaths = (
			);
			outputPaths = (
			);
			runOnlyForDeploymentPostprocessing = 0;
			shellPath = /bin/sh;
			shellScript = "SUDO_ASKPASS=/Users/ericgorr/bin/password.sh\nexport SUDO_ASKPASS\nsudo -A launchctl unload /Library/LaunchDaemons/net.ericgorr.testserver.plist\nsudo -A sudo ditto -V /tmp/testserver.dst /\nsudo -A chown root /Library/LaunchDaemons/net.ericgorr.testserver.plist\nsudo -A launchctl load /Library/LaunchDaemons/net.ericgorr.testserver.plist\nsudo -A launchctl list net.ericgorr.testserver";
		};
/* End PBXShellScriptBuildPhase section */

/* Begin PBXSourcesBuildPhase section */
		4B42EDE011B42EA400498957 /* Sources */ = {
			isa = PBXSourcesBuildPhase;
			buildActionMask = 2147483647;
			files = (
				4B42EDE711B42EB000498957 /* client.c in Sources */,
				B7D41BF313DC8AF400AC0CF7 /* common.c in Sources */,
			);
			runOnlyForDeploymentPostprocessing = 0;
		};
		8DD76FAB0486AB0100D96B5E /* Sources */ = {
			isa = PBXSourcesBuildPhase;
			buildActionMask = 2147483647;
			files = (
				8DD76FAC0486AB0100D96B5E /* ssd.c in Sources */,
				B7D41BF213DC8AF400AC0CF7 /* common.c in Sources */,
			);
			runOnlyForDeploymentPostprocessing = 0;
		};
/* End PBXSourcesBuildPhase section */

/* Begin XCBuildConfiguration section */
		1DEB928608733DD80010E9CD /* Debug */ = {
			isa = XCBuildConfiguration;
			buildSettings = {
				ALWAYS_SEARCH_USER_PATHS = NO;
				COPY_PHASE_STRIP = NO;
				DEPLOYMENT_LOCATION = YES;
				GCC_DYNAMIC_NO_PIC = NO;
				GCC_ENABLE_FIX_AND_CONTINUE = YES;
				GCC_MODEL_TUNING = G5;
				GCC_OPTIMIZATION_LEVEL = 0;
				INSTALL_PATH = /usr/local/libexec;
				PRODUCT_NAME = testserver;
			};
			name = Debug;
		};
		1DEB928708733DD80010E9CD /* Release */ = {
			isa = XCBuildConfiguration;
			buildSettings = {
				ALWAYS_SEARCH_USER_PATHS = NO;
				DEBUG_INFORMATION_FORMAT = "dwarf-with-dsym";
				DEPLOYMENT_LOCATION = YES;
				GCC_MODEL_TUNING = G5;
				INSTALL_PATH = /usr/local/libexec;
				PRODUCT_NAME = testserver;
			};
			name = Release;
		};
		1DEB928A08733DD80010E9CD /* Debug */ = {
			isa = XCBuildConfiguration;
			buildSettings = {
				ARCHS = "$(ARCHS_STANDARD_32_64_BIT)";
				GCC_C_LANGUAGE_STANDARD = gnu99;
				GCC_OPTIMIZATION_LEVEL = 0;
				GCC_WARN_ABOUT_RETURN_TYPE = YES;
				GCC_WARN_UNUSED_VARIABLE = YES;
				ONLY_ACTIVE_ARCH = YES;
				PREBINDING = NO;
				SDKROOT = macosx10.6;
			};
			name = Debug;
		};
		1DEB928B08733DD80010E9CD /* Release */ = {
			isa = XCBuildConfiguration;
			buildSettings = {
				ARCHS = "$(ARCHS_STANDARD_32_64_BIT)";
				GCC_C_LANGUAGE_STANDARD = gnu99;
				GCC_WARN_ABOUT_RETURN_TYPE = YES;
				GCC_WARN_UNUSED_VARIABLE = YES;
				PREBINDING = NO;
				SDKROOT = macosx10.6;
			};
			name = Release;
		};
		4B42EDE511B42EA500498957 /* Debug */ = {
			isa = XCBuildConfiguration;
			buildSettings = {
				COPY_PHASE_STRIP = NO;
				FRAMEWORK_SEARCH_PATHS = (
					"$(inherited)",
					"\"$(SRCROOT)\"",
				);
				GCC_DYNAMIC_NO_PIC = NO;
				GCC_ENABLE_FIX_AND_CONTINUE = YES;
				GCC_MODEL_TUNING = G5;
				GCC_OPTIMIZATION_LEVEL = 0;
				INSTALL_PATH = /usr/local/bin;
				PREBINDING = NO;
				PRODUCT_NAME = client;
			};
			name = Debug;
		};
		4B42EDE611B42EA500498957 /* Release */ = {
			isa = XCBuildConfiguration;
			buildSettings = {
				COPY_PHASE_STRIP = YES;
				DEBUG_INFORMATION_FORMAT = "dwarf-with-dsym";
				FRAMEWORK_SEARCH_PATHS = (
					"$(inherited)",
					"\"$(SRCROOT)\"",
				);
				GCC_ENABLE_FIX_AND_CONTINUE = NO;
				GCC_MODEL_TUNING = G5;
				INSTALL_PATH = /usr/local/bin;
				PREBINDING = NO;
				PRODUCT_NAME = client;
				ZERO_LINK = NO;
			};
			name = Release;
		};
/* End XCBuildConfiguration section */

/* Begin XCConfigurationList section */
		1DEB928508733DD80010E9CD /* Build configuration list for PBXNativeTarget "testserver" */ = {
			isa = XCConfigurationList;
			buildConfigurations = (
				1DEB928608733DD80010E9CD /* Debug */,
				1DEB928708733DD80010E9CD /* Release */,
			);
			defaultConfigurationIsVisible = 0;
			defaultConfigurationName = Release;
		};
		1DEB928908733DD80010E9CD /* Build configuration list for PBXProject "testserver" */ = {
			isa = XCConfigurationList;
			buildConfigurations = (
				1DEB928A08733DD80010E9CD /* Debug */,
				1DEB928B08733DD80010E9CD /* Release */,
			);
			defaultConfigurationIsVisible = 0;
			defaultConfigurationName = Release;
		};
		4B42EE1711B42ED500498957 /* Build configuration list for PBXNativeTarget "client" */ = {
			isa = XCConfigurationList;
			buildConfigurations = (
				4B42EDE511B42EA500498957 /* Debug */,
				4B42EDE611B42EA500498957 /* Release */,
			);
			defaultConfigurationIsVisible = 0;
			defaultConfigurationName = Release;
		};
/* End XCConfigurationList section */
	};
	rootObject = 08FB7793FE84155DC02AAC07 /* Project object */;
}
